
Microsoft Visual Studio Solution File, Format Version 12.00
# Visual Studio Version 16
VisualStudioVersion = 16.0.30523.141
MinimumVisualStudioVersion = 10.0.40219.1
Project("{FAE04EC0-301F-11D3-BF4B-00C04F79EFBC}") = "GymHelper.Android", "GymHelper\GymHelper.Android\GymHelper.Android.csproj", "{FCD58BCD-B989-440C-8B2C-4DDCF45F8986}"
EndProject
Project("{FAE04EC0-301F-11D3-BF4B-00C04F79EFBC}") = "GymHelper", "GymHelper\GymHelper\GymHelper.csproj", "{B176C325-13D8-4F1A-BB83-EF4780FCED0F}"
EndProject
Global
	GlobalSection(SolutionConfigurationPlatforms) = preSolution
		Debug|Any CPU = Debug|Any CPU
		Release|Any CPU = Release|Any CPU
	EndGlobalSection
	GlobalSection(ProjectConfigurationPlatforms) = postSolution
		{FCD58BCD-B989-440C-8B2C-4DDCF45F8986}.Debug|Any CPU.ActiveCfg = Debug|Any CPU
		{FCD58BCD-B989-440C-8B2C-4DDCF45F8986}.Debug|Any CPU.Build.0 = Debug|Any CPU
		{FCD58BCD-B989-440C-8B2C-4DDCF45F8986}.Debug|Any CPU.Deploy.0 = Debug|Any CPU
		{FCD58BCD-B989-440C-8B2C-4DDCF45F8986}.Release|Any CPU.ActiveCfg = Release|Any CPU
		{FCD58BCD-B989-440C-8B2C-4DDCF45F8986}.Release|Any CPU.Build.0 = Release|Any CPU
		{FCD58BCD-B989-440C-8B2C-4DDCF45F8986}.Release|Any CPU.Deploy.0 = Release|Any CPU
		{B176C325-13D8-4F1A-BB83-EF4780FCED0F}.Debug|Any CPU.ActiveCfg = Debug|Any CPU
		{B176C325-13D8-4F1A-BB83-EF4780FCED0F}.Debug|Any CPU.Build.0 = Debug|Any CPU
		{B176C325-13D8-4F1A-BB83-EF4780FCED0F}.Debug|Any CPU.Deploy.0 = Debug|Any CPU
		{B176C325-13D8-4F1A-BB83-EF4780FCED0F}.Release|Any CPU.ActiveCfg = Release|Any CPU
		{B176C325-13D8-4F1A-BB83-EF4780FCED0F}.Release|Any CPU.Build.0 = Release|Any CPU
		{B176C325-13D8-4F1A-BB83-EF4780FCED0F}.Release|Any CPU.Deploy.0 = Release|Any CPU
	EndGlobalSection
	GlobalSection(SolutionProperties) = preSolution
		HideSolutionNode = FALSE
	EndGlobalSection
	GlobalSection(ExtensibilityGlobals) = postSolution
		SolutionGuid = {D368278B-3B50-48BA-9A88-450E3EBD5F2D}
	EndGlobalSection
EndGlobal
